
Microsoft Visual Studio Solution File, Format Version 12.00
# Visual Studio Version 17
VisualStudioVersion = 17.8.34330.188
MinimumVisualStudioVersion = 10.0.40219.1
Project("{9A19103F-16F7-4668-BE54-9A1E7A4F7556}") = "InformirajSe.Web", "InformirajSe.Web\InformirajSe.Web.csproj", "{CC580DF2-0514-486F-9575-892CA5D02C0B}"
EndProject
Project("{9A19103F-16F7-4668-BE54-9A1E7A4F7556}") = "InformirajSe.Service", "InformirajSe.Service\InformirajSe.Service.csproj", "{BCD02E43-0A0A-44ED-A58D-DE0386B4E126}"
EndProject
Project("{9A19103F-16F7-4668-BE54-9A1E7A4F7556}") = "InformirajSe.Domain", "InformirajSe.Domain\InformirajSe.Domain.csproj", "{64A1B45F-67F0-4FB2-9CB0-8770F2108470}"
EndProject
Project("{9A19103F-16F7-4668-BE54-9A1E7A4F7556}") = "InformirajSe.Repository", "InformirajSe.Repository\InformirajSe.Repository.csproj", "{0399A248-D8B4-452C-BF43-4015AF3727D0}"
EndProject
Project("{FAE04EC0-301F-11D3-BF4B-00C04F79EFBC}") = "InformirajSe.Common", "InformirajSe.Common\InformirajSe.Common.csproj", "{81503EBD-A09F-423B-8EBC-CD6939402834}"
EndProject
Global
	GlobalSection(SolutionConfigurationPlatforms) = preSolution
		Debug|Any CPU = Debug|Any CPU
		Release|Any CPU = Release|Any CPU
	EndGlobalSection
	GlobalSection(ProjectConfigurationPlatforms) = postSolution
		{CC580DF2-0514-486F-9575-892CA5D02C0B}.Debug|Any CPU.ActiveCfg = Debug|Any CPU
		{CC580DF2-0514-486F-9575-892CA5D02C0B}.Debug|Any CPU.Build.0 = Debug|Any CPU
		{CC580DF2-0514-486F-9575-892CA5D02C0B}.Release|Any CPU.ActiveCfg = Release|Any CPU
		{CC580DF2-0514-486F-9575-892CA5D02C0B}.Release|Any CPU.Build.0 = Release|Any CPU
		{BCD02E43-0A0A-44ED-A58D-DE0386B4E126}.Debug|Any CPU.ActiveCfg = Debug|Any CPU
		{BCD02E43-0A0A-44ED-A58D-DE0386B4E126}.Debug|Any CPU.Build.0 = Debug|Any CPU
		{BCD02E43-0A0A-44ED-A58D-DE0386B4E126}.Release|Any CPU.ActiveCfg = Release|Any CPU
		{BCD02E43-0A0A-44ED-A58D-DE0386B4E126}.Release|Any CPU.Build.0 = Release|Any CPU
		{64A1B45F-67F0-4FB2-9CB0-8770F2108470}.Debug|Any CPU.ActiveCfg = Debug|Any CPU
		{64A1B45F-67F0-4FB2-9CB0-8770F2108470}.Debug|Any CPU.Build.0 = Debug|Any CPU
		{64A1B45F-67F0-4FB2-9CB0-8770F2108470}.Release|Any CPU.ActiveCfg = Release|Any CPU
		{64A1B45F-67F0-4FB2-9CB0-8770F2108470}.Release|Any CPU.Build.0 = Release|Any CPU
		{0399A248-D8B4-452C-BF43-4015AF3727D0}.Debug|Any CPU.ActiveCfg = Debug|Any CPU
		{0399A248-D8B4-452C-BF43-4015AF3727D0}.Debug|Any CPU.Build.0 = Debug|Any CPU
		{0399A248-D8B4-452C-BF43-4015AF3727D0}.Release|Any CPU.ActiveCfg = Release|Any CPU
		{0399A248-D8B4-452C-BF43-4015AF3727D0}.Release|Any CPU.Build.0 = Release|Any CPU
		{81503EBD-A09F-423B-8EBC-CD6939402834}.Debug|Any CPU.ActiveCfg = Debug|Any CPU
		{81503EBD-A09F-423B-8EBC-CD6939402834}.Debug|Any CPU.Build.0 = Debug|Any CPU
		{81503EBD-A09F-423B-8EBC-CD6939402834}.Release|Any CPU.ActiveCfg = Release|Any CPU
		{81503EBD-A09F-423B-8EBC-CD6939402834}.Release|Any CPU.Build.0 = Release|Any CPU
	EndGlobalSection
	GlobalSection(SolutionProperties) = preSolution
		HideSolutionNode = FALSE
	EndGlobalSection
	GlobalSection(ExtensibilityGlobals) = postSolution
		SolutionGuid = {DE93A9E1-665E-4AFB-A2FC-7F069236B4D7}
	EndGlobalSection
EndGlobal
